
Microsoft Visual Studio Solution File, Format Version 12.00
# Visual Studio 15
VisualStudioVersion = 15.0.33529.398
MinimumVisualStudioVersion = 10.0.40219.1
Project("{FAE04EC0-301F-11D3-BF4B-00C04F79EFBC}") = "GridViewTask1Method2", "GridViewTask1Method2\GridViewTask1Method2.csproj", "{1120F866-8D5C-4E93-8751-36911ECC9996}"
EndProject
Global
	GlobalSection(SolutionConfigurationPlatforms) = preSolution
		Debug|Any CPU = Debug|Any CPU
		Release|Any CPU = Release|Any CPU
	EndGlobalSection
	GlobalSection(ProjectConfigurationPlatforms) = postSolution
		{1120F866-8D5C-4E93-8751-36911ECC9996}.Debug|Any CPU.ActiveCfg = Debug|Any CPU
		{1120F866-8D5C-4E93-8751-36911ECC9996}.Debug|Any CPU.Build.0 = Debug|Any CPU
		{1120F866-8D5C-4E93-8751-36911ECC9996}.Release|Any CPU.ActiveCfg = Release|Any CPU
		{1120F866-8D5C-4E93-8751-36911ECC9996}.Release|Any CPU.Build.0 = Release|Any CPU
	EndGlobalSection
	GlobalSection(SolutionProperties) = preSolution
		HideSolutionNode = FALSE
	EndGlobalSection
	GlobalSection(ExtensibilityGlobals) = postSolution
		SolutionGuid = {D9191F64-A438-48E8-BF9D-07C703D1E41F}
	EndGlobalSection
EndGlobal
